
Microsoft Visual Studio Solution File, Format Version 12.00
# Visual Studio Version 17
VisualStudioVersion = 17.11.35327.3
MinimumVisualStudioVersion = 10.0.40219.1
Project("{FAE04EC0-301F-11D3-BF4B-00C04F79EFBC}") = "ApiMySQL2", "ApiMySQL2\ApiMySQL2.csproj", "{2666D11D-FDE8-4ECA-BEF9-E8119D55A72B}"
EndProject
Global
	GlobalSection(SolutionConfigurationPlatforms) = preSolution
		Debug|Any CPU = Debug|Any CPU
		Release|Any CPU = Release|Any CPU
	EndGlobalSection
	GlobalSection(ProjectConfigurationPlatforms) = postSolution
		{2666D11D-FDE8-4ECA-BEF9-E8119D55A72B}.Debug|Any CPU.ActiveCfg = Debug|Any CPU
		{2666D11D-FDE8-4ECA-BEF9-E8119D55A72B}.Debug|Any CPU.Build.0 = Debug|Any CPU
		{2666D11D-FDE8-4ECA-BEF9-E8119D55A72B}.Release|Any CPU.ActiveCfg = Release|Any CPU
		{2666D11D-FDE8-4ECA-BEF9-E8119D55A72B}.Release|Any CPU.Build.0 = Release|Any CPU
	EndGlobalSection
	GlobalSection(SolutionProperties) = preSolution
		HideSolutionNode = FALSE
	EndGlobalSection
	GlobalSection(ExtensibilityGlobals) = postSolution
		SolutionGuid = {5004EFA6-BDD4-4A2E-82DF-DAD5C7264249}
	EndGlobalSection
EndGlobal
